Microsoft Visual Studio Solution File, Format Version 12.00
# Visual Studio Version 17
VisualStudioVersion = 17.5.2.0
MinimumVisualStudioVersion = 10.0.40219.1
Project("{FAE04EC0-301F-11D3-BF4B-00C04F79EFBC}") = "Shared", "Shared\Shared.csproj", "{22F72E50-B86A-48A6-4252-6FDC98C636E8}"
EndProject
Project("{2150E333-8FDC-42A3-9474-1A3956D46DE8}") = "Services", "Services", "{5854FF58-B8C5-05C6-5BF2-ACE42193F22B}"
EndProject
Project("{2150E333-8FDC-42A3-9474-1A3956D46DE8}") = "ApiGateway", "ApiGateway", "{63DE6E05-7467-BB3D-0558-E8062A1DB852}"
EndProject
Project("{FAE04EC0-301F-11D3-BF4B-00C04F79EFBC}") = "ApiGateway", "Services\ApiGateway\ApiGateway\ApiGateway.csproj", "{26418D42-2EC6-0715-EE04-ED0ED453ABE6}"
EndProject
Project("{2150E333-8FDC-42A3-9474-1A3956D46DE8}") = "AuthService", "AuthService", "{378295AF-C144-6721-7CFF-8DE6E58ED8C7}"
EndProject
Project("{FAE04EC0-301F-11D3-BF4B-00C04F79EFBC}") = "AuthService.API", "Services\AuthService\AuthService.API\AuthService.API.csproj", "{A2B71B70-CA76-7E75-E903-B7F8CE45D092}"
EndProject
Project("{FAE04EC0-301F-11D3-BF4B-00C04F79EFBC}") = "AuthService.Application", "Services\AuthService\AuthService.Application\AuthService.Application.csproj", "{A00B8E54-69CD-2F96-8613-6B81A7E2FF74}"
EndProject
Project("{FAE04EC0-301F-11D3-BF4B-00C04F79EFBC}") = "AuthService.Domain", "Services\AuthService\AuthService.Domain\AuthService.Domain.csproj", "{0DA4B838-546B-26BD-C672-E19B69BD21DD}"
EndProject
Project("{FAE04EC0-301F-11D3-BF4B-00C04F79EFBC}") = "AuthService.Infrastructure", "Services\AuthService\AuthService.Infrastructure\AuthService.Infrastructure.csproj", "{F14D0A0C-C759-2B54-9247-BAE56CA8C386}"
EndProject
Project("{2150E333-8FDC-42A3-9474-1A3956D46DE8}") = "ProcessingService", "ProcessingService", "{08C14203-3559-E22C-4484-B63A0C55C0E7}"
EndProject
Project("{FAE04EC0-301F-11D3-BF4B-00C04F79EFBC}") = "ProcessingService", "Services\ProcessingService\ProcessingService\ProcessingService.csproj", "{FDBEEB7A-ABAB-8D01-0436-5FA2C080AB68}"
EndProject
Project("{2150E333-8FDC-42A3-9474-1A3956D46DE8}") = "VideoService", "VideoService", "{F61816F7-13F5-CE32-028F-2CDAEB04DFFB}"
EndProject
Project("{FAE04EC0-301F-11D3-BF4B-00C04F79EFBC}") = "VideoService.API", "Services\VideoService\VideoService.API\VideoService.API.csproj", "{0A70E304-97D2-2165-AB13-0DAB10FC4DE1}"
EndProject
Project("{FAE04EC0-301F-11D3-BF4B-00C04F79EFBC}") = "VideoService.Application", "Services\VideoService\VideoService.Application\VideoService.Application.csproj", "{9FBE6079-A1D5-9D54-2E30-57DD33D357ED}"
EndProject
Project("{FAE04EC0-301F-11D3-BF4B-00C04F79EFBC}") = "VideoService.Domain", "Services\VideoService\VideoService.Domain\VideoService.Domain.csproj", "{94B6BD7A-8588-CA3D-A8CD-6C126B4E0EA3}"
EndProject
Project("{FAE04EC0-301F-11D3-BF4B-00C04F79EFBC}") = "VideoService.Infrastructure", "Services\VideoService\VideoService.Infrastructure\VideoService.Infrastructure.csproj", "{DC4348D9-DA8A-FF4A-7667-A6B655FCF688}"
EndProject
Global
	GlobalSection(SolutionConfigurationPlatforms) = preSolution
		Debug|Any CPU = Debug|Any CPU
		Release|Any CPU = Release|Any CPU
	EndGlobalSection
	GlobalSection(ProjectConfigurationPlatforms) = postSolution
		{22F72E50-B86A-48A6-4252-6FDC98C636E8}.Debug|Any CPU.ActiveCfg = Debug|Any CPU
		{22F72E50-B86A-48A6-4252-6FDC98C636E8}.Debug|Any CPU.Build.0 = Debug|Any CPU
		{22F72E50-B86A-48A6-4252-6FDC98C636E8}.Release|Any CPU.ActiveCfg = Release|Any CPU
		{22F72E50-B86A-48A6-4252-6FDC98C636E8}.Release|Any CPU.Build.0 = Release|Any CPU
		{26418D42-2EC6-0715-EE04-ED0ED453ABE6}.Debug|Any CPU.ActiveCfg = Debug|Any CPU
		{26418D42-2EC6-0715-EE04-ED0ED453ABE6}.Debug|Any CPU.Build.0 = Debug|Any CPU
		{26418D42-2EC6-0715-EE04-ED0ED453ABE6}.Release|Any CPU.ActiveCfg = Release|Any CPU
		{26418D42-2EC6-0715-EE04-ED0ED453ABE6}.Release|Any CPU.Build.0 = Release|Any CPU
		{A2B71B70-CA76-7E75-E903-B7F8CE45D092}.Debug|Any CPU.ActiveCfg = Debug|Any CPU
		{A2B71B70-CA76-7E75-E903-B7F8CE45D092}.Debug|Any CPU.Build.0 = Debug|Any CPU
		{A2B71B70-CA76-7E75-E903-B7F8CE45D092}.Release|Any CPU.ActiveCfg = Release|Any CPU
		{A2B71B70-CA76-7E75-E903-B7F8CE45D092}.Release|Any CPU.Build.0 = Release|Any CPU
		{A00B8E54-69CD-2F96-8613-6B81A7E2FF74}.Debug|Any CPU.ActiveCfg = Debug|Any CPU
		{A00B8E54-69CD-2F96-8613-6B81A7E2FF74}.Debug|Any CPU.Build.0 = Debug|Any CPU
		{A00B8E54-69CD-2F96-8613-6B81A7E2FF74}.Release|Any CPU.ActiveCfg = Release|Any CPU
		{A00B8E54-69CD-2F96-8613-6B81A7E2FF74}.Release|Any CPU.Build.0 = Release|Any CPU
		{0DA4B838-546B-26BD-C672-E19B69BD21DD}.Debug|Any CPU.ActiveCfg = Debug|Any CPU
		{0DA4B838-546B-26BD-C672-E19B69BD21DD}.Debug|Any CPU.Build.0 = Debug|Any CPU
		{0DA4B838-546B-26BD-C672-E19B69BD21DD}.Release|Any CPU.ActiveCfg = Release|Any CPU
		{0DA4B838-546B-26BD-C672-E19B69BD21DD}.Release|Any CPU.Build.0 = Release|Any CPU
		{F14D0A0C-C759-2B54-9247-BAE56CA8C386}.Debug|Any CPU.ActiveCfg = Debug|Any CPU
		{F14D0A0C-C759-2B54-9247-BAE56CA8C386}.Debug|Any CPU.Build.0 = Debug|Any CPU
		{F14D0A0C-C759-2B54-9247-BAE56CA8C386}.Release|Any CPU.ActiveCfg = Release|Any CPU
		{F14D0A0C-C759-2B54-9247-BAE56CA8C386}.Release|Any CPU.Build.0 = Release|Any CPU
		{FDBEEB7A-ABAB-8D01-0436-5FA2C080AB68}.Debug|Any CPU.ActiveCfg = Debug|Any CPU
		{FDBEEB7A-ABAB-8D01-0436-5FA2C080AB68}.Debug|Any CPU.Build.0 = Debug|Any CPU
		{FDBEEB7A-ABAB-8D01-0436-5FA2C080AB68}.Release|Any CPU.ActiveCfg = Release|Any CPU
		{FDBEEB7A-ABAB-8D01-0436-5FA2C080AB68}.Release|Any CPU.Build.0 = Release|Any CPU
		{0A70E304-97D2-2165-AB13-0DAB10FC4DE1}.Debug|Any CPU.ActiveCfg = Debug|Any CPU
		{0A70E304-97D2-2165-AB13-0DAB10FC4DE1}.Debug|Any CPU.Build.0 = Debug|Any CPU
		{0A70E304-97D2-2165-AB13-0DAB10FC4DE1}.Release|Any CPU.ActiveCfg = Release|Any CPU
		{0A70E304-97D2-2165-AB13-0DAB10FC4DE1}.Release|Any CPU.Build.0 = Release|Any CPU
		{9FBE6079-A1D5-9D54-2E30-57DD33D357ED}.Debug|Any CPU.ActiveCfg = Debug|Any CPU
		{9FBE6079-A1D5-9D54-2E30-57DD33D357ED}.Debug|Any CPU.Build.0 = Debug|Any CPU
		{9FBE6079-A1D5-9D54-2E30-57DD33D357ED}.Release|Any CPU.ActiveCfg = Release|Any CPU
		{9FBE6079-A1D5-9D54-2E30-57DD33D357ED}.Release|Any CPU.Build.0 = Release|Any CPU
		{94B6BD7A-8588-CA3D-A8CD-6C126B4E0EA3}.Debug|Any CPU.ActiveCfg = Debug|Any CPU
		{94B6BD7A-8588-CA3D-A8CD-6C126B4E0EA3}.Debug|Any CPU.Build.0 = Debug|Any CPU
		{94B6BD7A-8588-CA3D-A8CD-6C126B4E0EA3}.Release|Any CPU.ActiveCfg = Release|Any CPU
		{94B6BD7A-8588-CA3D-A8CD-6C126B4E0EA3}.Release|Any CPU.Build.0 = Release|Any CPU
		{DC4348D9-DA8A-FF4A-7667-A6B655FCF688}.Debug|Any CPU.ActiveCfg = Debug|Any CPU
		{DC4348D9-DA8A-FF4A-7667-A6B655FCF688}.Debug|Any CPU.Build.0 = Debug|Any CPU
		{DC4348D9-DA8A-FF4A-7667-A6B655FCF688}.Release|Any CPU.ActiveCfg = Release|Any CPU
		{DC4348D9-DA8A-FF4A-7667-A6B655FCF688}.Release|Any CPU.Build.0 = Release|Any CPU
	EndGlobalSection
	GlobalSection(SolutionProperties) = preSolution
		HideSolutionNode = FALSE
	EndGlobalSection
	GlobalSection(NestedProjects) = preSolution
		{63DE6E05-7467-BB3D-0558-E8062A1DB852} = {5854FF58-B8C5-05C6-5BF2-ACE42193F22B}
		{26418D42-2EC6-0715-EE04-ED0ED453ABE6} = {63DE6E05-7467-BB3D-0558-E8062A1DB852}
		{378295AF-C144-6721-7CFF-8DE6E58ED8C7} = {5854FF58-B8C5-05C6-5BF2-ACE42193F22B}
		{A2B71B70-CA76-7E75-E903-B7F8CE45D092} = {378295AF-C144-6721-7CFF-8DE6E58ED8C7}
		{A00B8E54-69CD-2F96-8613-6B81A7E2FF74} = {378295AF-C144-6721-7CFF-8DE6E58ED8C7}
		{0DA4B838-546B-26BD-C672-E19B69BD21DD} = {378295AF-C144-6721-7CFF-8DE6E58ED8C7}
		{F14D0A0C-C759-2B54-9247-BAE56CA8C386} = {378295AF-C144-6721-7CFF-8DE6E58ED8C7}
		{08C14203-3559-E22C-4484-B63A0C55C0E7} = {5854FF58-B8C5-05C6-5BF2-ACE42193F22B}
		{FDBEEB7A-ABAB-8D01-0436-5FA2C080AB68} = {08C14203-3559-E22C-4484-B63A0C55C0E7}
		{F61816F7-13F5-CE32-028F-2CDAEB04DFFB} = {5854FF58-B8C5-05C6-5BF2-ACE42193F22B}
		{0A70E304-97D2-2165-AB13-0DAB10FC4DE1} = {F61816F7-13F5-CE32-028F-2CDAEB04DFFB}
		{9FBE6079-A1D5-9D54-2E30-57DD33D357ED} = {F61816F7-13F5-CE32-028F-2CDAEB04DFFB}
		{94B6BD7A-8588-CA3D-A8CD-6C126B4E0EA3} = {F61816F7-13F5-CE32-028F-2CDAEB04DFFB}
		{DC4348D9-DA8A-FF4A-7667-A6B655FCF688} = {F61816F7-13F5-CE32-028F-2CDAEB04DFFB}
	EndGlobalSection
	GlobalSection(ExtensibilityGlobals) = postSolution
		SolutionGuid = {D05516BA-98CE-40AC-BDEF-9FC31DFBC789}
	EndGlobalSection
EndGlobal
